// !$*UTF8*$!
{
	archiveVersion = 1;
	classes = {
	};
	objectVersion = 46;
	objects = {

/* Begin PBXBuildFile section */
		960A865D1A8F3531006B100C /* AppDelegate.swift in Sources */ = {isa = PBXBuildFile; fileRef = 960A865C1A8F3531006B100C /* AppDelegate.swift */; };
		960A865F1A8F3531006B100C /* ViewController.swift in Sources */ = {isa = PBXBuildFile; fileRef = 960A865E1A8F3531006B100C /* ViewController.swift */; };
		960A86621A8F3531006B100C /* Main.storyboard in Resources */ = {isa = PBXBuildFile; fileRef = 960A86601A8F3531006B100C /* Main.storyboard */; };
		960A86641A8F3531006B100C /* Images.xcassets in Resources */ = {isa = PBXBuildFile; fileRef = 960A86631A8F3531006B100C /* Images.xcassets */; };
		960A86671A8F3531006B100C /* LaunchScreen.xib in Resources */ = {isa = PBXBuildFile; fileRef = 960A86651A8F3531006B100C /* LaunchScreen.xib */; };
		960A86731A8F3531006B100C /* SwiftHorizontalPickerTests.swift in Sources */ = {isa = PBXBuildFile; fileRef = 960A86721A8F3531006B100C /* SwiftHorizontalPickerTests.swift */; };
/* End PBXBuildFile section */

/* Begin PBXContainerItemProxy section */
		960A866D1A8F3531006B100C /* PBXContainerItemProxy */ = {
			isa = PBXContainerItemProxy;
			containerPortal = 960A864F1A8F3531006B100C /* Project object */;
			proxyType = 1;
			remoteGlobalIDString = 960A86561A8F3531006B100C;
			remoteInfo = SwiftHorizontalPicker;
		};
/* End PBXContainerItemProxy section */

/* Begin PBXFileReference section */
		960A86571A8F3531006B100C /* SwiftHorizontalPicker.app */ = {isa = PBXFileReference; explicitFileType = wrapper.application; includeInIndex = 0; path = SwiftHorizontalPicker.app; sourceTree = BUILT_PRODUCTS_DIR; };
		960A865B1A8F3531006B100C /* Info.plist */ = {isa = PBXFileReference; lastKnownFileType = text.plist.xml; path = Info.plist; sourceTree = "<group>"; };
		960A865C1A8F3531006B100C /* AppDelegate.swift */ = {isa = PBXFileReference; lastKnownFileType = sourcecode.swift; path = AppDelegate.swift; sourceTree = "<group>"; };
		960A865E1A8F3531006B100C /* ViewController.swift */ = {isa = PBXFileReference; lastKnownFileType = sourcecode.swift; path = ViewController.swift; sourceTree = "<group>"; };
		960A86611A8F3531006B100C /* Base */ = {isa = PBXFileReference; lastKnownFileType = file.storyboard; name = Base; path = Base.lproj/Main.storyboard; sourceTree = "<group>"; };
		960A86631A8F3531006B100C /* Images.xcassets */ = {isa = PBXFileReference; lastKnownFileType = folder.assetcatalog; path = Images.xcassets; sourceTree = "<group>"; };
		960A86661A8F3531006B100C /* Base */ = {isa = PBXFileReference; lastKnownFileType = file.xib; name = Base; path = Base.lproj/LaunchScreen.xib; sourceTree = "<group>"; };
		960A866C1A8F3531006B100C /* SwiftHorizontalPickerTests.xctest */ = {isa = PBXFileReference; explicitFileType = wrapper.cfbundle; includeInIndex = 0; path = SwiftHorizontalPickerTests.xctest; sourceTree = BUILT_PRODUCTS_DIR; };
		960A86711A8F3531006B100C /* Info.plist */ = {isa = PBXFileReference; lastKnownFileType = text.plist.xml; path = Info.plist; sourceTree = "<group>"; };
		960A86721A8F3531006B100C /* SwiftHorizontalPickerTests.swift */ = {isa = PBXFileReference; lastKnownFileType = sourcecode.swift; path = SwiftHorizontalPickerTests.swift; sourceTree = "<group>"; };
/* End PBXFileReference section */

/* Begin PBXFrameworksBuildPhase section */
		960A86541A8F3531006B100C /* Frameworks */ = {
			isa = PBXFrameworksBuildPhase;
			buildActionMask = 2147483647;
			files = (
			);
			runOnlyForDeploymentPostprocessing = 0;
		};
		960A86691A8F3531006B100C /* Frameworks */ = {
			isa = PBXFrameworksBuildPhase;
			buildActionMask = 2147483647;
			files = (
			);
			runOnlyForDeploymentPostprocessing = 0;
		};
/* End PBXFrameworksBuildPhase section */

/* Begin PBXGroup section */
		960A864E1A8F3531006B100C = {
			isa = PBXGroup;
			children = (
				960A86591A8F3531006B100C /* SwiftHorizontalPicker */,
				960A866F1A8F3531006B100C /* SwiftHorizontalPickerTests */,
				960A86581A8F3531006B100C /* Products */,
			);
			sourceTree = "<group>";
		};
		960A86581A8F3531006B100C /* Products */ = {
			isa = PBXGroup;
			children = (
				960A86571A8F3531006B100C /* SwiftHorizontalPicker.app */,
				960A866C1A8F3531006B100C /* SwiftHorizontalPickerTests.xctest */,
			);
			name = Products;
			sourceTree = "<group>";
		};
		960A86591A8F3531006B100C /* SwiftHorizontalPicker */ = {
			isa = PBXGroup;
			children = (
				960A865C1A8F3531006B100C /* AppDelegate.swift */,
				960A865E1A8F3531006B100C /* ViewController.swift */,
				960A86601A8F3531006B100C /* Main.storyboard */,
				960A86631A8F3531006B100C /* Images.xcassets */,
				960A86651A8F3531006B100C /* LaunchScreen.xib */,
				960A865A1A8F3531006B100C /* Supporting Files */,
			);
			path = SwiftHorizontalPicker;
			sourceTree = "<group>";
		};
		960A865A1A8F3531006B100C /* Supporting Files */ = {
			isa = PBXGroup;
			children = (
				960A865B1A8F3531006B100C /* Info.plist */,
			);
			name = "Supporting Files";
			sourceTree = "<group>";
		};
		960A866F1A8F3531006B100C /* SwiftHorizontalPickerTests */ = {
			isa = PBXGroup;
			children = (
				960A86721A8F3531006B100C /* SwiftHorizontalPickerTests.swift */,
				960A86701A8F3531006B100C /* Supporting Files */,
			);
			path = SwiftHorizontalPickerTests;
			sourceTree = "<group>";
		};
		960A86701A8F3531006B100C /* Supporting Files */ = {
			isa = PBXGroup;
			children = (
				960A86711A8F3531006B100C /* Info.plist */,
			);
			name = "Supporting Files";
			sourceTree = "<group>";
		};
/* End PBXGroup section */

/* Begin PBXNativeTarget section */
		960A86561A8F3531006B100C /* SwiftHorizontalPicker */ = {
			isa = PBXNativeTarget;
			buildConfigurationList = 960A86761A8F3531006B100C /* Build configuration list for PBXNativeTarget "SwiftHorizontalPicker" */;
			buildPhases = (
				960A86531A8F3531006B100C /* Sources */,
				960A86541A8F3531006B100C /* Frameworks */,
				960A86551A8F3531006B100C /* Resources */,
			);
			buildRules = (
			);
			dependencies = (
			);
			name = SwiftHorizontalPicker;
			productName = SwiftHorizontalPicker;
			productReference = 960A86571A8F3531006B100C /* SwiftHorizontalPicker.app */;
			productType = "com.apple.product-type.application";
		};
		960A866B1A8F3531006B100C /* SwiftHorizontalPickerTests */ = {
			isa = PBXNativeTarget;
			buildConfigurationList = 960A86791A8F3531006B100C /* Build configuration list for PBXNativeTarget "SwiftHorizontalPickerTests" */;
			buildPhases = (
				960A86681A8F3531006B100C /* Sources */,
				960A86691A8F3531006B100C /* Frameworks */,
				960A866A1A8F3531006B100C /* Resources */,
			);
			buildRules = (
			);
			dependencies = (
				960A866E1A8F3531006B100C /* PBXTargetDependency */,
			);
			name = SwiftHorizontalPickerTests;
			productName = SwiftHorizontalPickerTests;
			productReference = 960A866C1A8F3531006B100C /* SwiftHorizontalPickerTests.xctest */;
			productType = "com.apple.product-type.bundle.unit-test";
		};
/* End PBXNativeTarget section */

/* Begin PBXProject section */
		960A864F1A8F3531006B100C /* Project object */ = {
			isa = PBXProject;
			attributes = {
				LastUpgradeCheck = 0610;
				ORGANIZATIONNAME = Tor;
				TargetAttributes = {
					960A86561A8F3531006B100C = {
						CreatedOnToolsVersion = 6.1.1;
					};
					960A866B1A8F3531006B100C = {
						CreatedOnToolsVersion = 6.1.1;
						TestTargetID = 960A86561A8F3531006B100C;
					};
				};
			};
			buildConfigurationList = 960A86521A8F3531006B100C /* Build configuration list for PBXProject "SwiftHorizontalPicker" */;
			compatibilityVersion = "Xcode 3.2";
			developmentRegion = English;
			hasScannedForEncodings = 0;
			knownRegions = (
				en,
				Base,
			);
			mainGroup = 960A864E1A8F3531006B100C;
			productRefGroup = 960A86581A8F3531006B100C /* Products */;
			projectDirPath = "";
			projectRoot = "";
			targets = (
				960A86561A8F3531006B100C /* SwiftHorizontalPicker */,
				960A866B1A8F3531006B100C /* SwiftHorizontalPickerTests */,
			);
		};
/* End PBXProject section */

/* Begin PBXResourcesBuildPhase section */
		960A86551A8F3531006B100C /* Resources */ = {
			isa = PBXResourcesBuildPhase;
			buildActionMask = 2147483647;
			files = (
				960A86621A8F3531006B100C /* Main.storyboard in Resources */,
				960A86671A8F3531006B100C /* LaunchScreen.xib in Resources */,
				960A86641A8F3531006B100C /* Images.xcassets in Resources */,
			);
			runOnlyForDeploymentPostprocessing = 0;
		};
		960A866A1A8F3531006B100C /* Resources */ = {
			isa = PBXResourcesBuildPhase;
			buildActionMask = 2147483647;
			files = (
			);
			runOnlyForDeploymentPostprocessing = 0;
		};
/* End PBXResourcesBuildPhase section */

/* Begin PBXSourcesBuildPhase section */
		960A86531A8F3531006B100C /* Sources */ = {
			isa = PBXSourcesBuildPhase;
			buildActionMask = 2147483647;
			files = (
				960A865F1A8F3531006B100C /* ViewController.swift in Sources */,
				960A865D1A8F3531006B100C /* AppDelegate.swift in Sources */,
			);
			runOnlyForDeploymentPostprocessing = 0;
		};
		960A86681A8F3531006B100C /* Sources */ = {
			isa = PBXSourcesBuildPhase;
			buildActionMask = 2147483647;
			files = (
				960A86731A8F3531006B100C /* SwiftHorizontalPickerTests.swift in Sources */,
			);
			runOnlyForDeploymentPostprocessing = 0;
		};
/* End PBXSourcesBuildPhase section */

/* Begin PBXTargetDependency section */
		960A866E1A8F3531006B100C /* PBXTargetDependency */ = {
			isa = PBXTargetDependency;
			target = 960A86561A8F3531006B100C /* SwiftHorizontalPicker */;
			targetProxy = 960A866D1A8F3531006B100C /* PBXContainerItemProxy */;
		};
/* End PBXTargetDependency section */

/* Begin PBXVariantGroup section */
		960A86601A8F3531006B100C /* Main.storyboard */ = {
			isa = PBXVariantGroup;
			children = (
				960A86611A8F3531006B100C /* Base */,
			);
			name = Main.storyboard;
			sourceTree = "<group>";
		};
		960A86651A8F3531006B100C /* LaunchScreen.xib */ = {
			isa = PBXVariantGroup;
			children = (
				960A86661A8F3531006B100C /* Base */,
			);
			name = LaunchScreen.xib;
			sourceTree = "<group>";
		};
/* End PBXVariantGroup section */

/* Begin XCBuildConfiguration section */
		960A86741A8F3531006B100C /* Debug */ = {
			isa = XCBuildConfiguration;
			buildSettings = {
				ALWAYS_SEARCH_USER_PATHS = NO;
				CLANG_CXX_LANGUAGE_STANDARD = "gnu++0x";
				CLANG_CXX_LIBRARY = "libc++";
				CLANG_ENABLE_MODULES = YES;
				CLANG_ENABLE_OBJC_ARC = YES;
				CLANG_WARN_BOOL_CONVERSION = YES;
				CLANG_WARN_CONSTANT_CONVERSION = YES;
				CLANG_WARN_DIRECT_OBJC_ISA_USAGE = YES_ERROR;
				CLANG_WARN_EMPTY_BODY = YES;
				CLANG_WARN_ENUM_CONVERSION = YES;
				CLANG_WARN_INT_CONVERSION = YES;
				CLANG_WARN_OBJC_ROOT_CLASS = YES_ERROR;
				CLANG_WARN_UNREACHABLE_CODE = YES;
				CLANG_WARN__DUPLICATE_METHOD_MATCH = YES;
				"CODE_SIGN_IDENTITY[sdk=iphoneos*]" = "iPhone Developer";
				COPY_PHASE_STRIP = NO;
				ENABLE_STRICT_OBJC_MSGSEND = YES;
				GCC_C_LANGUAGE_STANDARD = gnu99;
				GCC_DYNAMIC_NO_PIC = NO;
				GCC_OPTIMIZATION_LEVEL = 0;
				GCC_PREPROCESSOR_DEFINITIONS = (
					"DEBUG=1",
					"$(inherited)",
				);
				GCC_SYMBOLS_PRIVATE_EXTERN = NO;
				GCC_WARN_64_TO_32_BIT_CONVERSION = YES;
				GCC_WARN_ABOUT_RETURN_TYPE = YES_ERROR;
				GCC_WARN_UNDECLARED_SELECTOR = YES;
				GCC_WARN_UNINITIALIZED_AUTOS = YES_AGGRESSIVE;
				GCC_WARN_UNUSED_FUNCTION = YES;
				GCC_WARN_UNUSED_VARIABLE = YES;
				IPHONEOS_DEPLOYMENT_TARGET = 8.1;
				MTL_ENABLE_DEBUG_INFO = YES;
				ONLY_ACTIVE_ARCH = YES;
				SDKROOT = iphoneos;
				SWIFT_OPTIMIZATION_LEVEL = "-Onone";
				TARGETED_DEVICE_FAMILY = "1,2";
			};
			name = Debug;
		};
		960A86751A8F3531006B100C /* Release */ = {
			isa = XCBuildConfiguration;
			buildSettings = {
				ALWAYS_SEARCH_USER_PATHS = NO;
				CLANG_CXX_LANGUAGE_STANDARD = "gnu++0x";
				CLANG_CXX_LIBRARY = "libc++";
				CLANG_ENABLE_MODULES = YES;
				CLANG_ENABLE_OBJC_ARC = YES;
				CLANG_WARN_BOOL_CONVERSION = YES;
				CLANG_WARN_CONSTANT_CONVERSION = YES;
				CLANG_WARN_DIRECT_OBJC_ISA_USAGE = YES_ERROR;
				CLANG_WARN_EMPTY_BODY = YES;
				CLANG_WARN_ENUM_CONVERSION = YES;
				CLANG_WARN_INT_CONVERSION = YES;
				CLANG_WARN_OBJC_ROOT_CLASS = YES_ERROR;
				CLANG_WARN_UNREACHABLE_CODE = YES;
				CLANG_WARN__DUPLICATE_METHOD_MATCH = YES;
				"CODE_SIGN_IDENTITY[sdk=iphoneos*]" = "iPhone Developer";
				COPY_PHASE_STRIP = YES;
				ENABLE_NS_ASSERTIONS = NO;
				ENABLE_STRICT_OBJC_MSGSEND = YES;
				GCC_C_LANGUAGE_STANDARD = gnu99;
				GCC_WARN_64_TO_32_BIT_CONVERSION = YES;
				GCC_WARN_ABOUT_RETURN_TYPE = YES_ERROR;
				GCC_WARN_UNDECLARED_SELECTOR = YES;
				GCC_WARN_UNINITIALIZED_AUTOS = YES_AGGRESSIVE;
				GCC_WARN_UNUSED_FUNCTION = YES;
				GCC_WARN_UNUSED_VARIABLE = YES;
				IPHONEOS_DEPLOYMENT_TARGET = 8.1;
				MTL_ENABLE_DEBUG_INFO = NO;
				SDKROOT = iphoneos;
				TARGETED_DEVICE_FAMILY = "1,2";
				VALIDATE_PRODUCT = YES;
			};
			name = Release;
		};
		960A86771A8F3531006B100C /* Debug */ = {
			isa = XCBuildConfiguration;
			buildSettings = {
				ASSETCATALOG_COMPILER_APPICON_NAME = AppIcon;
				INFOPLIST_FILE = SwiftHorizontalPicker/Info.plist;
				LD_RUNPATH_SEARCH_PATHS = "$(inherited) @executable_path/Frameworks";
				PRODUCT_NAME = "$(TARGET_NAME)";
			};
			name = Debug;
		};
		960A86781A8F3531006B100C /* Release */ = {
			isa = XCBuildConfiguration;
			buildSettings = {
				ASSETCATALOG_COMPILER_APPICON_NAME = AppIcon;
				INFOPLIST_FILE = SwiftHorizontalPicker/Info.plist;
				LD_RUNPATH_SEARCH_PATHS = "$(inherited) @executable_path/Frameworks";
				PRODUCT_NAME = "$(TARGET_NAME)";
			};
			name = Release;
		};
		960A867A1A8F3531006B100C /* Debug */ = {
			isa = XCBuildConfiguration;
			buildSettings = {
				BUNDLE_LOADER = "$(TEST_HOST)";
				FRAMEWORK_SEARCH_PATHS = (
					"$(SDKROOT)/Developer/Library/Frameworks",
					"$(inherited)",
				);
				GCC_PREPROCESSOR_DEFINITIONS = (
					"DEBUG=1",
					"$(inherited)",
				);
				INFOPLIST_FILE = SwiftHorizontalPickerTests/Info.plist;
				LD_RUNPATH_SEARCH_PATHS = "$(inherited) @executable_path/Frameworks @loader_path/Frameworks";
				PRODUCT_NAME = "$(TARGET_NAME)";
				TEST_HOST = "$(BUILT_PRODUCTS_DIR)/SwiftHorizontalPicker.app/SwiftHorizontalPicker";
			};
			name = Debug;
		};
		960A867B1A8F3531006B100C /* Release */ = {
			isa = XCBuildConfiguration;
			buildSettings = {
				BUNDLE_LOADER = "$(TEST_HOST)";
				FRAMEWORK_SEARCH_PATHS = (
					"$(SDKROOT)/Developer/Library/Frameworks",
					"$(inherited)",
				);
				INFOPLIST_FILE = SwiftHorizontalPickerTests/Info.plist;
				LD_RUNPATH_SEARCH_PATHS = "$(inherited) @executable_path/Frameworks @loader_path/Frameworks";
				PRODUCT_NAME = "$(TARGET_NAME)";
				TEST_HOST = "$(BUILT_PRODUCTS_DIR)/SwiftHorizontalPicker.app/SwiftHorizontalPicker";
			};
			name = Release;
		};
/* End XCBuildConfiguration section */

/* Begin XCConfigurationList section */
		960A86521A8F3531006B100C /* Build configuration list for PBXProject "SwiftHorizontalPicker" */ = {
			isa = XCConfigurationList;
			buildConfigurations = (
				960A86741A8F3531006B100C /* Debug */,
				960A86751A8F3531006B100C /* Release */,
			);
			defaultConfigurationIsVisible = 0;
			defaultConfigurationName = Release;
		};
		960A86761A8F3531006B100C /* Build configuration list for PBXNativeTarget "SwiftHorizontalPicker" */ = {
			isa = XCConfigurationList;
			buildConfigurations = (
				960A86771A8F3531006B100C /* Debug */,
				960A86781A8F3531006B100C /* Release */,
			);
			defaultConfigurationIsVisible = 0;
		};
		960A86791A8F3531006B100C /* Build configuration list for PBXNativeTarget "SwiftHorizontalPickerTests" */ = {
			isa = XCConfigurationList;
			buildConfigurations = (
				960A867A1A8F3531006B100C /* Debug */,
				960A867B1A8F3531006B100C /* Release */,
			);
			defaultConfigurationIsVisible = 0;
		};
/* End XCConfigurationList section */
	};
	rootObject = 960A864F1A8F3531006B100C /* Project object */;
}
